// !$*UTF8*$!
{
	archiveVersion = 1;
	classes = {
	};
	objectVersion = 50;
	objects = {

/* Begin PBXBuildFile section */
		4A0AC3D9244EEFD70003DEC1 /* AppDelegate.swift in Sources */ = {isa = PBXBuildFile; fileRef = 4A0AC3D8244EEFD70003DEC1 /* AppDelegate.swift */; };
		4A0AC3DB244EEFD70003DEC1 /* SceneDelegate.swift in Sources */ = {isa = PBXBuildFile; fileRef = 4A0AC3DA244EEFD70003DEC1 /* SceneDelegate.swift */; };
		4A0AC3DD244EEFD70003DEC1 /* ViewController.swift in Sources */ = {isa = PBXBuildFile; fileRef = 4A0AC3DC244EEFD70003DEC1 /* ViewController.swift */; };
		4A0AC3E0244EEFD70003DEC1 /* Main.storyboard in Resources */ = {isa = PBXBuildFile; fileRef = 4A0AC3DE244EEFD70003DEC1 /* Main.storyboard */; };
		4A0AC3E3244EEFD70003DEC1 /* ClassProjectHardik_V2.xcdatamodeld in Sources */ = {isa = PBXBuildFile; fileRef = 4A0AC3E1244EEFD70003DEC1 /* ClassProjectHardik_V2.xcdatamodeld */; };
		4A0AC3E5244EEFDA0003DEC1 /* Assets.xcassets in Resources */ = {isa = PBXBuildFile; fileRef = 4A0AC3E4244EEFDA0003DEC1 /* Assets.xcassets */; };
		4A0AC3E8244EEFDA0003DEC1 /* LaunchScreen.storyboard in Resources */ = {isa = PBXBuildFile; fileRef = 4A0AC3E6244EEFDA0003DEC1 /* LaunchScreen.storyboard */; };
		4A0AC3F1244EF04D0003DEC1 /* Places+CoreDataClass.swift in Sources */ = {isa = PBXBuildFile; fileRef = 4A0AC3EF244EF04D0003DEC1 /* Places+CoreDataClass.swift */; };
		4A0AC3F2244EF04D0003DEC1 /* Places+CoreDataProperties.swift in Sources */ = {isa = PBXBuildFile; fileRef = 4A0AC3F0244EF04D0003DEC1 /* Places+CoreDataProperties.swift */; };
		4A0AC3F5244EF2120003DEC1 /* MapKit.framework in Frameworks */ = {isa = PBXBuildFile; fileRef = 4A0AC3F4244EF2120003DEC1 /* MapKit.framework */; };
		4A0AC3F7244EF4650003DEC1 /* CoreLocation.framework in Frameworks */ = {isa = PBXBuildFile; fileRef = 4A0AC3F6244EF4650003DEC1 /* CoreLocation.framework */; };
		4A0AC3F9244F03EE0003DEC1 /* listViewController.swift in Sources */ = {isa = PBXBuildFile; fileRef = 4A0AC3F8244F03EE0003DEC1 /* listViewController.swift */; };
		4A0AC3FF244F67220003DEC1 /* addViewController.swift in Sources */ = {isa = PBXBuildFile; fileRef = 4A0AC3FE244F67220003DEC1 /* addViewController.swift */; };
		4A0AC401244F7DAC0003DEC1 /* model.swift in Sources */ = {isa = PBXBuildFile; fileRef = 4A0AC400244F7DAC0003DEC1 /* model.swift */; };
		4A0AC403244F858C0003DEC1 /* tableViewController.swift in Sources */ = {isa = PBXBuildFile; fileRef = 4A0AC402244F858C0003DEC1 /* tableViewController.swift */; };
		4A0AC405244F86200003DEC1 /* savedTableViewCell.swift in Sources */ = {isa = PBXBuildFile; fileRef = 4A0AC404244F86200003DEC1 /* savedTableViewCell.swift */; };
		4A0AC407244FA2F30003DEC1 /* detailViewController.swift in Sources */ = {isa = PBXBuildFile; fileRef = 4A0AC406244FA2F30003DEC1 /* detailViewController.swift */; };
		4A0AC409244FB3880003DEC1 /* mainImg.jpg in Resources */ = {isa = PBXBuildFile; fileRef = 4A0AC408244FB3880003DEC1 /* mainImg.jpg */; };
		4A0AC40B244FB3E40003DEC1 /* location.jpg in Resources */ = {isa = PBXBuildFile; fileRef = 4A0AC40A244FB3E30003DEC1 /* location.jpg */; };
		4A0AC40D244FB54D0003DEC1 /* save.png in Resources */ = {isa = PBXBuildFile; fileRef = 4A0AC40C244FB54D0003DEC1 /* save.png */; };
/* End PBXBuildFile section */

/* Begin PBXFileReference section */
		4A0AC3D5244EEFD70003DEC1 /* iOS Travel Diary.app */ = {isa = PBXFileReference; explicitFileType = wrapper.application; includeInIndex = 0; path = "iOS Travel Diary.app"; sourceTree = BUILT_PRODUCTS_DIR; };
		4A0AC3D8244EEFD70003DEC1 /* AppDelegate.swift */ = {isa = PBXFileReference; lastKnownFileType = sourcecode.swift; path = AppDelegate.swift; sourceTree = "<group>"; };
		4A0AC3DA244EEFD70003DEC1 /* SceneDelegate.swift */ = {isa = PBXFileReference; lastKnownFileType = sourcecode.swift; path = SceneDelegate.swift; sourceTree = "<group>"; };
		4A0AC3DC244EEFD70003DEC1 /* ViewController.swift */ = {isa = PBXFileReference; lastKnownFileType = sourcecode.swift; path = ViewController.swift; sourceTree = "<group>"; };
		4A0AC3DF244EEFD70003DEC1 /* Base */ = {isa = PBXFileReference; lastKnownFileType = file.storyboard; name = Base; path = Base.lproj/Main.storyboard; sourceTree = "<group>"; };
		4A0AC3E2244EEFD70003DEC1 /* ClassProjectHardik_V2.xcdatamodel */ = {isa = PBXFileReference; lastKnownFileType = wrapper.xcdatamodel; path = ClassProjectHardik_V2.xcdatamodel; sourceTree = "<group>"; };
		4A0AC3E4244EEFDA0003DEC1 /* Assets.xcassets */ = {isa = PBXFileReference; lastKnownFileType = folder.assetcatalog; path = Assets.xcassets; sourceTree = "<group>"; };
		4A0AC3E7244EEFDA0003DEC1 /* Base */ = {isa = PBXFileReference; lastKnownFileType = file.storyboard; name = Base; path = Base.lproj/LaunchScreen.storyboard; sourceTree = "<group>"; };
		4A0AC3E9244EEFDA0003DEC1 /* Info.plist */ = {isa = PBXFileReference; lastKnownFileType = text.plist.xml; path = Info.plist; sourceTree = "<group>"; };
		4A0AC3EF244EF04D0003DEC1 /* Places+CoreDataClass.swift */ = {isa = PBXFileReference; lastKnownFileType = sourcecode.swift; path = "Places+CoreDataClass.swift"; sourceTree = "<group>"; };
		4A0AC3F0244EF04D0003DEC1 /* Places+CoreDataProperties.swift */ = {isa = PBXFileReference; lastKnownFileType = sourcecode.swift; path = "Places+CoreDataProperties.swift"; sourceTree = "<group>"; };
		4A0AC3F4244EF2120003DEC1 /* MapKit.framework */ = {isa = PBXFileReference; lastKnownFileType = wrapper.framework; name = MapKit.framework; path = System/Library/Frameworks/MapKit.framework; sourceTree = SDKROOT; };
		4A0AC3F6244EF4650003DEC1 /* CoreLocation.framework */ = {isa = PBXFileReference; lastKnownFileType = wrapper.framework; name = CoreLocation.framework; path = System/Library/Frameworks/CoreLocation.framework; sourceTree = SDKROOT; };
		4A0AC3F8244F03EE0003DEC1 /* listViewController.swift */ = {isa = PBXFileReference; lastKnownFileType = sourcecode.swift; path = listViewController.swift; sourceTree = "<group>"; };
		4A0AC3FE244F67220003DEC1 /* addViewController.swift */ = {isa = PBXFileReference; lastKnownFileType = sourcecode.swift; path = addViewController.swift; sourceTree = "<group>"; };
		4A0AC400244F7DAC0003DEC1 /* model.swift */ = {isa = PBXFileReference; lastKnownFileType = sourcecode.swift; path = model.swift; sourceTree = "<group>"; };
		4A0AC402244F858C0003DEC1 /* tableViewController.swift */ = {isa = PBXFileReference; lastKnownFileType = sourcecode.swift; path = tableViewController.swift; sourceTree = "<group>"; };
		4A0AC404244F86200003DEC1 /* savedTableViewCell.swift */ = {isa = PBXFileReference; lastKnownFileType = sourcecode.swift; path = savedTableViewCell.swift; sourceTree = "<group>"; };
		4A0AC406244FA2F30003DEC1 /* detailViewController.swift */ = {isa = PBXFileReference; lastKnownFileType = sourcecode.swift; path = detailViewController.swift; sourceTree = "<group>"; };
		4A0AC408244FB3880003DEC1 /* mainImg.jpg */ = {isa = PBXFileReference; lastKnownFileType = image.jpeg; path = mainImg.jpg; sourceTree = "<group>"; };
		4A0AC40A244FB3E30003DEC1 /* location.jpg */ = {isa = PBXFileReference; lastKnownFileType = image.jpeg; path = location.jpg; sourceTree = "<group>"; };
		4A0AC40C244FB54D0003DEC1 /* save.png */ = {isa = PBXFileReference; lastKnownFileType = image.png; path = save.png; sourceTree = "<group>"; };
/* End PBXFileReference section */

/* Begin PBXFrameworksBuildPhase section */
		4A0AC3D2244EEFD70003DEC1 /* Frameworks */ = {
			isa = PBXFrameworksBuildPhase;
			buildActionMask = 2147483647;
			files = (
				4A0AC3F7244EF4650003DEC1 /* CoreLocation.framework in Frameworks */,
				4A0AC3F5244EF2120003DEC1 /* MapKit.framework in Frameworks */,
			);
			runOnlyForDeploymentPostprocessing = 0;
		};
/* End PBXFrameworksBuildPhase section */

/* Begin PBXGroup section */
		4A0AC3CC244EEFD70003DEC1 = {
			isa = PBXGroup;
			children = (
				4A0AC3D7244EEFD70003DEC1 /* ClassProjectHardik-V2 */,
				4A0AC3D6244EEFD70003DEC1 /* Products */,
				4A0AC3F3244EF2120003DEC1 /* Frameworks */,
			);
			sourceTree = "<group>";
		};
		4A0AC3D6244EEFD70003DEC1 /* Products */ = {
			isa = PBXGroup;
			children = (
				4A0AC3D5244EEFD70003DEC1 /* iOS Travel Diary.app */,
			);
			name = Products;
			sourceTree = "<group>";
		};
		4A0AC3D7244EEFD70003DEC1 /* ClassProjectHardik-V2 */ = {
			isa = PBXGroup;
			children = (
				4A0AC40A244FB3E30003DEC1 /* location.jpg */,
				4A0AC40C244FB54D0003DEC1 /* save.png */,
				4A0AC408244FB3880003DEC1 /* mainImg.jpg */,
				4A0AC3D8244EEFD70003DEC1 /* AppDelegate.swift */,
				4A0AC3DA244EEFD70003DEC1 /* SceneDelegate.swift */,
				4A0AC3DE244EEFD70003DEC1 /* Main.storyboard */,
				4A0AC3FE244F67220003DEC1 /* addViewController.swift */,
				4A0AC404244F86200003DEC1 /* savedTableViewCell.swift */,
				4A0AC402244F858C0003DEC1 /* tableViewController.swift */,
				4A0AC3DC244EEFD70003DEC1 /* ViewController.swift */,
				4A0AC400244F7DAC0003DEC1 /* model.swift */,
				4A0AC406244FA2F30003DEC1 /* detailViewController.swift */,
				4A0AC3EF244EF04D0003DEC1 /* Places+CoreDataClass.swift */,
				4A0AC3F8244F03EE0003DEC1 /* listViewController.swift */,
				4A0AC3F0244EF04D0003DEC1 /* Places+CoreDataProperties.swift */,
				4A0AC3E4244EEFDA0003DEC1 /* Assets.xcassets */,
				4A0AC3E6244EEFDA0003DEC1 /* LaunchScreen.storyboard */,
				4A0AC3E9244EEFDA0003DEC1 /* Info.plist */,
				4A0AC3E1244EEFD70003DEC1 /* ClassProjectHardik_V2.xcdatamodeld */,
			);
			path = "ClassProjectHardik-V2";
			sourceTree = "<group>";
		};
		4A0AC3F3244EF2120003DEC1 /* Frameworks */ = {
			isa = PBXGroup;
			children = (
				4A0AC3F6244EF4650003DEC1 /* CoreLocation.framework */,
				4A0AC3F4244EF2120003DEC1 /* MapKit.framework */,
			);
			name = Frameworks;
			sourceTree = "<group>";
		};
/* End PBXGroup section */

/* Begin PBXNativeTarget section */
		4A0AC3D4244EEFD70003DEC1 /* ClassProjectHardik-V2 */ = {
			isa = PBXNativeTarget;
			buildConfigurationList = 4A0AC3EC244EEFDA0003DEC1 /* Build configuration list for PBXNativeTarget "ClassProjectHardik-V2" */;
			buildPhases = (
				4A0AC3D1244EEFD70003DEC1 /* Sources */,
				4A0AC3D2244EEFD70003DEC1 /* Frameworks */,
				4A0AC3D3244EEFD70003DEC1 /* Resources */,
			);
			buildRules = (
			);
			dependencies = (
			);
			name = "ClassProjectHardik-V2";
			productName = "ClassProjectHardik-V2";
			productReference = 4A0AC3D5244EEFD70003DEC1 /* iOS Travel Diary.app */;
			productType = "com.apple.product-type.application";
		};
/* End PBXNativeTarget section */

/* Begin PBXProject section */
		4A0AC3CD244EEFD70003DEC1 /* Project object */ = {
			isa = PBXProject;
			attributes = {
				LastSwiftUpdateCheck = 1140;
				LastUpgradeCheck = 1140;
				ORGANIZATIONNAME = "Hardik Gupta";
				TargetAttributes = {
					4A0AC3D4244EEFD70003DEC1 = {
						CreatedOnToolsVersion = 11.4.1;
					};
				};
			};
			buildConfigurationList = 4A0AC3D0244EEFD70003DEC1 /* Build configuration list for PBXProject "ClassProjectHardik-V2" */;
			compatibilityVersion = "Xcode 9.3";
			developmentRegion = en;
			hasScannedForEncodings = 0;
			knownRegions = (
				en,
				Base,
			);
			mainGroup = 4A0AC3CC244EEFD70003DEC1;
			productRefGroup = 4A0AC3D6244EEFD70003DEC1 /* Products */;
			projectDirPath = "";
			projectRoot = "";
			targets = (
				4A0AC3D4244EEFD70003DEC1 /* ClassProjectHardik-V2 */,
			);
		};
/* End PBXProject section */

/* Begin PBXResourcesBuildPhase section */
		4A0AC3D3244EEFD70003DEC1 /* Resources */ = {
			isa = PBXResourcesBuildPhase;
			buildActionMask = 2147483647;
			files = (
				4A0AC409244FB3880003DEC1 /* mainImg.jpg in Resources */,
				4A0AC3E8244EEFDA0003DEC1 /* LaunchScreen.storyboard in Resources */,
				4A0AC40D244FB54D0003DEC1 /* save.png in Resources */,
				4A0AC40B244FB3E40003DEC1 /* location.jpg in Resources */,
				4A0AC3E5244EEFDA0003DEC1 /* Assets.xcassets in Resources */,
				4A0AC3E0244EEFD70003DEC1 /* Main.storyboard in Resources */,
			);
			runOnlyForDeploymentPostprocessing = 0;
		};
/* End PBXResourcesBuildPhase section */

/* Begin PBXSourcesBuildPhase section */
		4A0AC3D1244EEFD70003DEC1 /* Sources */ = {
			isa = PBXSourcesBuildPhase;
			buildActionMask = 2147483647;
			files = (
				4A0AC3DD244EEFD70003DEC1 /* ViewController.swift in Sources */,
				4A0AC405244F86200003DEC1 /* savedTableViewCell.swift in Sources */,
				4A0AC401244F7DAC0003DEC1 /* model.swift in Sources */,
				4A0AC3F9244F03EE0003DEC1 /* listViewController.swift in Sources */,
				4A0AC3E3244EEFD70003DEC1 /* ClassProjectHardik_V2.xcdatamodeld in Sources */,
				4A0AC3D9244EEFD70003DEC1 /* AppDelegate.swift in Sources */,
				4A0AC407244FA2F30003DEC1 /* detailViewController.swift in Sources */,
				4A0AC3F1244EF04D0003DEC1 /* Places+CoreDataClass.swift in Sources */,
				4A0AC3DB244EEFD70003DEC1 /* SceneDelegate.swift in Sources */,
				4A0AC403244F858C0003DEC1 /* tableViewController.swift in Sources */,
				4A0AC3FF244F67220003DEC1 /* addViewController.swift in Sources */,
				4A0AC3F2244EF04D0003DEC1 /* Places+CoreDataProperties.swift in Sources */,
			);
			runOnlyForDeploymentPostprocessing = 0;
		};
/* End PBXSourcesBuildPhase section */

/* Begin PBXVariantGroup section */
		4A0AC3DE244EEFD70003DEC1 /* Main.storyboard */ = {
			isa = PBXVariantGroup;
			children = (
				4A0AC3DF244EEFD70003DEC1 /* Base */,
			);
			name = Main.storyboard;
			sourceTree = "<group>";
		};
		4A0AC3E6244EEFDA0003DEC1 /* LaunchScreen.storyboard */ = {
			isa = PBXVariantGroup;
			children = (
				4A0AC3E7244EEFDA0003DEC1 /* Base */,
			);
			name = LaunchScreen.storyboard;
			sourceTree = "<group>";
		};
/* End PBXVariantGroup section */

/* Begin XCBuildConfiguration section */
		4A0AC3EA244EEFDA0003DEC1 /* Debug */ = {
			isa = XCBuildConfiguration;
			buildSettings = {
				ALWAYS_SEARCH_USER_PATHS = NO;
				CLANG_ANALYZER_NONNULL = YES;
				CLANG_ANALYZER_NUMBER_OBJECT_CONVERSION = YES_AGGRESSIVE;
				CLANG_CXX_LANGUAGE_STANDARD = "gnu++14";
				CLANG_CXX_LIBRARY = "libc++";
				CLANG_ENABLE_MODULES = YES;
				CLANG_ENABLE_OBJC_ARC = YES;
				CLANG_ENABLE_OBJC_WEAK = YES;
				CLANG_WARN_BLOCK_CAPTURE_AUTORELEASING = YES;
				CLANG_WARN_BOOL_CONVERSION = YES;
				CLANG_WARN_COMMA = YES;
				CLANG_WARN_CONSTANT_CONVERSION = YES;
				CLANG_WARN_DEPRECATED_OBJC_IMPLEMENTATIONS = YES;
				CLANG_WARN_DIRECT_OBJC_ISA_USAGE = YES_ERROR;
				CLANG_WARN_DOCUMENTATION_COMMENTS = YES;
				CLANG_WARN_EMPTY_BODY = YES;
				CLANG_WARN_ENUM_CONVERSION = YES;
				CLANG_WARN_INFINITE_RECURSION = YES;
				CLANG_WARN_INT_CONVERSION = YES;
				CLANG_WARN_NON_LITERAL_NULL_CONVERSION = YES;
				CLANG_WARN_OBJC_IMPLICIT_RETAIN_SELF = YES;
				CLANG_WARN_OBJC_LITERAL_CONVERSION = YES;
				CLANG_WARN_OBJC_ROOT_CLASS = YES_ERROR;
				CLANG_WARN_RANGE_LOOP_ANALYSIS = YES;
				CLANG_WARN_STRICT_PROTOTYPES = YES;
				CLANG_WARN_SUSPICIOUS_MOVE = YES;
				CLANG_WARN_UNGUARDED_AVAILABILITY = YES_AGGRESSIVE;
				CLANG_WARN_UNREACHABLE_CODE = YES;
				CLANG_WARN__DUPLICATE_METHOD_MATCH = YES;
				COPY_PHASE_STRIP = NO;
				DEBUG_INFORMATION_FORMAT = dwarf;
				ENABLE_STRICT_OBJC_MSGSEND = YES;
				ENABLE_TESTABILITY = YES;
				GCC_C_LANGUAGE_STANDARD = gnu11;
				GCC_DYNAMIC_NO_PIC = NO;
				GCC_NO_COMMON_BLOCKS = YES;
				GCC_OPTIMIZATION_LEVEL = 0;
				GCC_PREPROCESSOR_DEFINITIONS = (
					"DEBUG=1",
					"$(inherited)",
				);
				GCC_WARN_64_TO_32_BIT_CONVERSION = YES;
				GCC_WARN_ABOUT_RETURN_TYPE = YES_ERROR;
				GCC_WARN_UNDECLARED_SELECTOR = YES;
				GCC_WARN_UNINITIALIZED_AUTOS = YES_AGGRESSIVE;
				GCC_WARN_UNUSED_FUNCTION = YES;
				GCC_WARN_UNUSED_VARIABLE = YES;
				IPHONEOS_DEPLOYMENT_TARGET = 13.4;
				MTL_ENABLE_DEBUG_INFO = INCLUDE_SOURCE;
				MTL_FAST_MATH = YES;
				ONLY_ACTIVE_ARCH = YES;
				SDKROOT = iphoneos;
				SWIFT_ACTIVE_COMPILATION_CONDITIONS = DEBUG;
				SWIFT_OPTIMIZATION_LEVEL = "-Onone";
			};
			name = Debug;
		};
		4A0AC3EB244EEFDA0003DEC1 /* Release */ = {
			isa = XCBuildConfiguration;
			buildSettings = {
				ALWAYS_SEARCH_USER_PATHS = NO;
				CLANG_ANALYZER_NONNULL = YES;
				CLANG_ANALYZER_NUMBER_OBJECT_CONVERSION = YES_AGGRESSIVE;
				CLANG_CXX_LANGUAGE_STANDARD = "gnu++14";
				CLANG_CXX_LIBRARY = "libc++";
				CLANG_ENABLE_MODULES = YES;
				CLANG_ENABLE_OBJC_ARC = YES;
				CLANG_ENABLE_OBJC_WEAK = YES;
				CLANG_WARN_BLOCK_CAPTURE_AUTORELEASING = YES;
				CLANG_WARN_BOOL_CONVERSION = YES;
				CLANG_WARN_COMMA = YES;
				CLANG_WARN_CONSTANT_CONVERSION = YES;
				CLANG_WARN_DEPRECATED_OBJC_IMPLEMENTATIONS = YES;
				CLANG_WARN_DIRECT_OBJC_ISA_USAGE = YES_ERROR;
				CLANG_WARN_DOCUMENTATION_COMMENTS = YES;
				CLANG_WARN_EMPTY_BODY = YES;
				CLANG_WARN_ENUM_CONVERSION = YES;
				CLANG_WARN_INFINITE_RECURSION = YES;
				CLANG_WARN_INT_CONVERSION = YES;
				CLANG_WARN_NON_LITERAL_NULL_CONVERSION = YES;
				CLANG_WARN_OBJC_IMPLICIT_RETAIN_SELF = YES;
				CLANG_WARN_OBJC_LITERAL_CONVERSION = YES;
				CLANG_WARN_OBJC_ROOT_CLASS = YES_ERROR;
				CLANG_WARN_RANGE_LOOP_ANALYSIS = YES;
				CLANG_WARN_STRICT_PROTOTYPES = YES;
				CLANG_WARN_SUSPICIOUS_MOVE = YES;
				CLANG_WARN_UNGUARDED_AVAILABILITY = YES_AGGRESSIVE;
				CLANG_WARN_UNREACHABLE_CODE = YES;
				CLANG_WARN__DUPLICATE_METHOD_MATCH = YES;
				COPY_PHASE_STRIP = NO;
				DEBUG_INFORMATION_FORMAT = "dwarf-with-dsym";
				ENABLE_NS_ASSERTIONS = NO;
				ENABLE_STRICT_OBJC_MSGSEND = YES;
				GCC_C_LANGUAGE_STANDARD = gnu11;
				GCC_NO_COMMON_BLOCKS = YES;
				GCC_WARN_64_TO_32_BIT_CONVERSION = YES;
				GCC_WARN_ABOUT_RETURN_TYPE = YES_ERROR;
				GCC_WARN_UNDECLARED_SELECTOR = YES;
				GCC_WARN_UNINITIALIZED_AUTOS = YES_AGGRESSIVE;
				GCC_WARN_UNUSED_FUNCTION = YES;
				GCC_WARN_UNUSED_VARIABLE = YES;
				IPHONEOS_DEPLOYMENT_TARGET = 13.4;
				MTL_ENABLE_DEBUG_INFO = NO;
				MTL_FAST_MATH = YES;
				SDKROOT = iphoneos;
				SWIFT_COMPILATION_MODE = wholemodule;
				SWIFT_OPTIMIZATION_LEVEL = "-O";
				VALIDATE_PRODUCT = YES;
			};
			name = Release;
		};
		4A0AC3ED244EEFDA0003DEC1 /* Debug */ = {
			isa = XCBuildConfiguration;
			buildSettings = {
				ASSETCATALOG_COMPILER_APPICON_NAME = AppIcon;
				CODE_SIGN_STYLE = Automatic;
				DEVELOPMENT_TEAM = 35SZV97BKQ;
				INFOPLIST_FILE = "ClassProjectHardik-V2/Info.plist";
				LD_RUNPATH_SEARCH_PATHS = (
					"$(inherited)",
					"@executable_path/Frameworks",
				);
				MARKETING_VERSION = 2.0;
				PRODUCT_BUNDLE_IDENTIFIER = "CSE355.ClassProjectHardik-V2";
				PRODUCT_NAME = "iOS Travel Diary";
				SWIFT_VERSION = 5.0;
				TARGETED_DEVICE_FAMILY = "1,2";
			};
			name = Debug;
		};
		4A0AC3EE244EEFDA0003DEC1 /* Release */ = {
			isa = XCBuildConfiguration;
			buildSettings = {
				ASSETCATALOG_COMPILER_APPICON_NAME = AppIcon;
				CODE_SIGN_STYLE = Automatic;
				DEVELOPMENT_TEAM = 35SZV97BKQ;
				INFOPLIST_FILE = "ClassProjectHardik-V2/Info.plist";
				LD_RUNPATH_SEARCH_PATHS = (
					"$(inherited)",
					"@executable_path/Frameworks",
				);
				MARKETING_VERSION = 2.0;
				PRODUCT_BUNDLE_IDENTIFIER = "CSE355.ClassProjectHardik-V2";
				PRODUCT_NAME = "iOS Travel Diary";
				SWIFT_VERSION = 5.0;
				TARGETED_DEVICE_FAMILY = "1,2";
			};
			name = Release;
		};
/* End XCBuildConfiguration section */

/* Begin XCConfigurationList section */
		4A0AC3D0244EEFD70003DEC1 /* Build configuration list for PBXProject "ClassProjectHardik-V2" */ = {
			isa = XCConfigurationList;
			buildConfigurations = (
				4A0AC3EA244EEFDA0003DEC1 /* Debug */,
				4A0AC3EB244EEFDA0003DEC1 /* Release */,
			);
			defaultConfigurationIsVisible = 0;
			defaultConfigurationName = Release;
		};
		4A0AC3EC244EEFDA0003DEC1 /* Build configuration list for PBXNativeTarget "ClassProjectHardik-V2" */ = {
			isa = XCConfigurationList;
			buildConfigurations = (
				4A0AC3ED244EEFDA0003DEC1 /* Debug */,
				4A0AC3EE244EEFDA0003DEC1 /* Release */,
			);
			defaultConfigurationIsVisible = 0;
			defaultConfigurationName = Release;
		};
/* End XCConfigurationList section */

/* Begin XCVersionGroup section */
		4A0AC3E1244EEFD70003DEC1 /* ClassProjectHardik_V2.xcdatamodeld */ = {
			isa = XCVersionGroup;
			children = (
				4A0AC3E2244EEFD70003DEC1 /* ClassProjectHardik_V2.xcdatamodel */,
			);
			currentVersion = 4A0AC3E2244EEFD70003DEC1 /* ClassProjectHardik_V2.xcdatamodel */;
			path = ClassProjectHardik_V2.xcdatamodeld;
			sourceTree = "<group>";
			versionGroupType = wrapper.xcdatamodel;
		};
/* End XCVersionGroup section */
	};
	rootObject = 4A0AC3CD244EEFD70003DEC1 /* Project object */;
}
